// !$*UTF8*$!
{
	archiveVersion = 1;
	classes = {
	};
	objectVersion = 56;
	objects = {

/* Begin PBXBuildFile section */
		D18160792C1AF14F004BA146 /* AppDelegate.swift in Sources */ = {isa = PBXBuildFile; fileRef = D18160782C1AF14F004BA146 /* AppDelegate.swift */; };
		D181607B2C1AF14F004BA146 /* SceneDelegate.swift in Sources */ = {isa = PBXBuildFile; fileRef = D181607A2C1AF14F004BA146 /* SceneDelegate.swift */; };
		D181607D2C1AF14F004BA146 /* OnBoardingViewController.swift in Sources */ = {isa = PBXBuildFile; fileRef = D181607C2C1AF14F004BA146 /* OnBoardingViewController.swift */; };
		D18160822C1AF150004BA146 /* Assets.xcassets in Resources */ = {isa = PBXBuildFile; fileRef = D18160812C1AF150004BA146 /* Assets.xcassets */; };
		D18160852C1AF150004BA146 /* Base in Resources */ = {isa = PBXBuildFile; fileRef = D18160842C1AF150004BA146 /* Base */; };
		D181608F2C1AF3C2004BA146 /* .gitignore in Resources */ = {isa = PBXBuildFile; fileRef = D181608E2C1AF3C2004BA146 /* .gitignore */; };
		D18160922C1AF3DD004BA146 /* APIKey.swift in Sources */ = {isa = PBXBuildFile; fileRef = D18160912C1AF3DD004BA146 /* APIKey.swift */; };
		D18160962C1AF458004BA146 /* IQKeyboardManagerSwift in Frameworks */ = {isa = PBXBuildFile; productRef = D18160952C1AF458004BA146 /* IQKeyboardManagerSwift */; };
		D18160992C1AF45E004BA146 /* Toast in Frameworks */ = {isa = PBXBuildFile; productRef = D18160982C1AF45E004BA146 /* Toast */; };
		D181609C2C1AF466004BA146 /* Kingfisher in Frameworks */ = {isa = PBXBuildFile; productRef = D181609B2C1AF466004BA146 /* Kingfisher */; };
		D181609F2C1AF46F004BA146 /* Alamofire in Frameworks */ = {isa = PBXBuildFile; productRef = D181609E2C1AF46F004BA146 /* Alamofire */; };
		D18160A22C1AF482004BA146 /* SnapKit in Frameworks */ = {isa = PBXBuildFile; productRef = D18160A12C1AF482004BA146 /* SnapKit */; };
		D18160A52C1AF4B9004BA146 /* TabBarController.swift in Sources */ = {isa = PBXBuildFile; fileRef = D18160A42C1AF4B8004BA146 /* TabBarController.swift */; };
		D18160A72C1AF5AF004BA146 /* BaseViewController.swift in Sources */ = {isa = PBXBuildFile; fileRef = D18160A62C1AF5AF004BA146 /* BaseViewController.swift */; };
		D18160AA2C1AF69E004BA146 /* Color.swift in Sources */ = {isa = PBXBuildFile; fileRef = D18160A92C1AF69E004BA146 /* Color.swift */; };
		D18160AD2C1AF764004BA146 /* Extension+UIColor.swift in Sources */ = {isa = PBXBuildFile; fileRef = D18160AC2C1AF764004BA146 /* Extension+UIColor.swift */; };
		D18160AF2C1AF8BC004BA146 /* Font.swift in Sources */ = {isa = PBXBuildFile; fileRef = D18160AE2C1AF8BC004BA146 /* Font.swift */; };
		D18160B12C1AFA10004BA146 /* Image.swift in Sources */ = {isa = PBXBuildFile; fileRef = D18160B02C1AFA10004BA146 /* Image.swift */; };
		D18160B62C1B0145004BA146 /* SceneManager.swift in Sources */ = {isa = PBXBuildFile; fileRef = D18160B52C1B0145004BA146 /* SceneManager.swift */; };
		D18160B82C1B0161004BA146 /* UserDefaultsManager.swift in Sources */ = {isa = PBXBuildFile; fileRef = D18160B72C1B0161004BA146 /* UserDefaultsManager.swift */; };
		D18160BA2C1B09CC004BA146 /* Button.swift in Sources */ = {isa = PBXBuildFile; fileRef = D18160B92C1B09CC004BA146 /* Button.swift */; };
		D18160BC2C1B0FAA004BA146 /* ProfileViewController.swift in Sources */ = {isa = PBXBuildFile; fileRef = D18160BB2C1B0FAA004BA146 /* ProfileViewController.swift */; };
		D18160BE2C1B10F0004BA146 /* ProfileImageView.swift in Sources */ = {isa = PBXBuildFile; fileRef = D18160BD2C1B10F0004BA146 /* ProfileImageView.swift */; };
		D18160C22C1B1B2F004BA146 /* NicknameTextField.swift in Sources */ = {isa = PBXBuildFile; fileRef = D18160C12C1B1B2F004BA146 /* NicknameTextField.swift */; };
		D18160C42C1B22E8004BA146 /* LiteralString.swift in Sources */ = {isa = PBXBuildFile; fileRef = D18160C32C1B22E8004BA146 /* LiteralString.swift */; };
		D18160C82C1B27BB004BA146 /* CustomButton.swift in Sources */ = {isa = PBXBuildFile; fileRef = D18160C72C1B27BB004BA146 /* CustomButton.swift */; };
		D18160CA2C1BC81E004BA146 /* MainViewController.swift in Sources */ = {isa = PBXBuildFile; fileRef = D18160C92C1BC81E004BA146 /* MainViewController.swift */; };
		D18160CC2C1BC9A5004BA146 /* ProfileImageViewController.swift in Sources */ = {isa = PBXBuildFile; fileRef = D18160CB2C1BC9A5004BA146 /* ProfileImageViewController.swift */; };
		D18160CF2C1BCC93004BA146 /* ProfileImageCell.swift in Sources */ = {isa = PBXBuildFile; fileRef = D18160CE2C1BCC93004BA146 /* ProfileImageCell.swift */; };
		D18160D22C1BCD0D004BA146 /* ReuseIdentifier.swift in Sources */ = {isa = PBXBuildFile; fileRef = D18160D12C1BCD0D004BA146 /* ReuseIdentifier.swift */; };
		D18160D52C1BD0EE004BA146 /* User.swift in Sources */ = {isa = PBXBuildFile; fileRef = D18160D42C1BD0EE004BA146 /* User.swift */; };
		D18160D92C1C0034004BA146 /* SearchTableViewCell.swift in Sources */ = {isa = PBXBuildFile; fileRef = D18160D82C1C0034004BA146 /* SearchTableViewCell.swift */; };
		D18160DB2C1C08C0004BA146 /* SearchTableViewCellDelegate.swift in Sources */ = {isa = PBXBuildFile; fileRef = D18160DA2C1C08C0004BA146 /* SearchTableViewCellDelegate.swift */; };
		D18160DD2C1C0DC8004BA146 /* SearchResultViewController.swift in Sources */ = {isa = PBXBuildFile; fileRef = D18160DC2C1C0DC8004BA146 /* SearchResultViewController.swift */; };
		D18160E12C1C15AD004BA146 /* SearchResult.swift in Sources */ = {isa = PBXBuildFile; fileRef = D18160E02C1C15AD004BA146 /* SearchResult.swift */; };
		D18160E42C1C19BE004BA146 /* Sort.swift in Sources */ = {isa = PBXBuildFile; fileRef = D18160E32C1C19BE004BA146 /* Sort.swift */; };
		D18160E62C1C204B004BA146 /* FilterButton.swift in Sources */ = {isa = PBXBuildFile; fileRef = D18160E52C1C204B004BA146 /* FilterButton.swift */; };
		D18160E82C1C2680004BA146 /* SearchResultCollectionViewCell.swift in Sources */ = {isa = PBXBuildFile; fileRef = D18160E72C1C267F004BA146 /* SearchResultCollectionViewCell.swift */; };
		D18160EA2C1C3CA0004BA146 /* Extension+String.swift in Sources */ = {isa = PBXBuildFile; fileRef = D18160E92C1C3CA0004BA146 /* Extension+String.swift */; };
		D18160EC2C1C4C21004BA146 /* SearchResultCollectionViewCellDelegate.swift in Sources */ = {isa = PBXBuildFile; fileRef = D18160EB2C1C4C21004BA146 /* SearchResultCollectionViewCellDelegate.swift */; };
		D18160EE2C1C5845004BA146 /* DetailViewController.swift in Sources */ = {isa = PBXBuildFile; fileRef = D18160ED2C1C5845004BA146 /* DetailViewController.swift */; };
		D18160F02C1C62F0004BA146 /* SettingViewController.swift in Sources */ = {isa = PBXBuildFile; fileRef = D18160EF2C1C62F0004BA146 /* SettingViewController.swift */; };
		D18160F22C1C71FC004BA146 /* SettingOptions.swift in Sources */ = {isa = PBXBuildFile; fileRef = D18160F12C1C71FC004BA146 /* SettingOptions.swift */; };
		D18160F42C1C7395004BA146 /* SettingTableViewCell.swift in Sources */ = {isa = PBXBuildFile; fileRef = D18160F32C1C7395004BA146 /* SettingTableViewCell.swift */; };
		D18160F82C1D41F3004BA146 /* TextFieldState.swift in Sources */ = {isa = PBXBuildFile; fileRef = D18160F72C1D41F3004BA146 /* TextFieldState.swift */; };
/* End PBXBuildFile section */

/* Begin PBXFileReference section */
		D18160752C1AF14F004BA146 /* Shopping.app */ = {isa = PBXFileReference; explicitFileType = wrapper.application; includeInIndex = 0; path = Shopping.app; sourceTree = BUILT_PRODUCTS_DIR; };
		D18160782C1AF14F004BA146 /* AppDelegate.swift */ = {isa = PBXFileReference; lastKnownFileType = sourcecode.swift; path = AppDelegate.swift; sourceTree = "<group>"; };
		D181607A2C1AF14F004BA146 /* SceneDelegate.swift */ = {isa = PBXFileReference; lastKnownFileType = sourcecode.swift; path = SceneDelegate.swift; sourceTree = "<group>"; };
		D181607C2C1AF14F004BA146 /* OnBoardingViewController.swift */ = {isa = PBXFileReference; lastKnownFileType = sourcecode.swift; path = OnBoardingViewController.swift; sourceTree = "<group>"; };
		D18160812C1AF150004BA146 /* Assets.xcassets */ = {isa = PBXFileReference; lastKnownFileType = folder.assetcatalog; path = Assets.xcassets; sourceTree = "<group>"; };
		D18160842C1AF150004BA146 /* Base */ = {isa = PBXFileReference; lastKnownFileType = file.storyboard; name = Base; path = Base.lproj/LaunchScreen.storyboard; sourceTree = "<group>"; };
		D18160862C1AF150004BA146 /* Info.plist */ = {isa = PBXFileReference; lastKnownFileType = text.plist.xml; path = Info.plist; sourceTree = "<group>"; };
		D181608E2C1AF3C2004BA146 /* .gitignore */ = {isa = PBXFileReference; lastKnownFileType = text; path = .gitignore; sourceTree = "<group>"; };
		D18160912C1AF3DD004BA146 /* APIKey.swift */ = {isa = PBXFileReference; lastKnownFileType = sourcecode.swift; path = APIKey.swift; sourceTree = "<group>"; };
		D18160A42C1AF4B8004BA146 /* TabBarController.swift */ = {isa = PBXFileReference; lastKnownFileType = sourcecode.swift; path = TabBarController.swift; sourceTree = "<group>"; };
		D18160A62C1AF5AF004BA146 /* BaseViewController.swift */ = {isa = PBXFileReference; lastKnownFileType = sourcecode.swift; path = BaseViewController.swift; sourceTree = "<group>"; };
		D18160A92C1AF69E004BA146 /* Color.swift */ = {isa = PBXFileReference; lastKnownFileType = sourcecode.swift; path = Color.swift; sourceTree = "<group>"; };
		D18160AC2C1AF764004BA146 /* Extension+UIColor.swift */ = {isa = PBXFileReference; lastKnownFileType = sourcecode.swift; path = "Extension+UIColor.swift"; sourceTree = "<group>"; };
		D18160AE2C1AF8BC004BA146 /* Font.swift */ = {isa = PBXFileReference; lastKnownFileType = sourcecode.swift; path = Font.swift; sourceTree = "<group>"; };
		D18160B02C1AFA10004BA146 /* Image.swift */ = {isa = PBXFileReference; lastKnownFileType = sourcecode.swift; path = Image.swift; sourceTree = "<group>"; };
		D18160B52C1B0145004BA146 /* SceneManager.swift */ = {isa = PBXFileReference; lastKnownFileType = sourcecode.swift; path = SceneManager.swift; sourceTree = "<group>"; };
		D18160B72C1B0161004BA146 /* UserDefaultsManager.swift */ = {isa = PBXFileReference; lastKnownFileType = sourcecode.swift; path = UserDefaultsManager.swift; sourceTree = "<group>"; };
		D18160B92C1B09CC004BA146 /* Button.swift */ = {isa = PBXFileReference; lastKnownFileType = sourcecode.swift; path = Button.swift; sourceTree = "<group>"; };
		D18160BB2C1B0FAA004BA146 /* ProfileViewController.swift */ = {isa = PBXFileReference; lastKnownFileType = sourcecode.swift; path = ProfileViewController.swift; sourceTree = "<group>"; };
		D18160BD2C1B10F0004BA146 /* ProfileImageView.swift */ = {isa = PBXFileReference; lastKnownFileType = sourcecode.swift; path = ProfileImageView.swift; sourceTree = "<group>"; };
		D18160C12C1B1B2F004BA146 /* NicknameTextField.swift */ = {isa = PBXFileReference; lastKnownFileType = sourcecode.swift; path = NicknameTextField.swift; sourceTree = "<group>"; };
		D18160C32C1B22E8004BA146 /* LiteralString.swift */ = {isa = PBXFileReference; lastKnownFileType = sourcecode.swift; path = LiteralString.swift; sourceTree = "<group>"; };
		D18160C72C1B27BB004BA146 /* CustomButton.swift */ = {isa = PBXFileReference; lastKnownFileType = sourcecode.swift; path = CustomButton.swift; sourceTree = "<group>"; };
		D18160C92C1BC81E004BA146 /* MainViewController.swift */ = {isa = PBXFileReference; lastKnownFileType = sourcecode.swift; path = MainViewController.swift; sourceTree = "<group>"; };
		D18160CB2C1BC9A5004BA146 /* ProfileImageViewController.swift */ = {isa = PBXFileReference; lastKnownFileType = sourcecode.swift; path = ProfileImageViewController.swift; sourceTree = "<group>"; };
		D18160CE2C1BCC93004BA146 /* ProfileImageCell.swift */ = {isa = PBXFileReference; lastKnownFileType = sourcecode.swift; path = ProfileImageCell.swift; sourceTree = "<group>"; };
		D18160D12C1BCD0D004BA146 /* ReuseIdentifier.swift */ = {isa = PBXFileReference; lastKnownFileType = sourcecode.swift; path = ReuseIdentifier.swift; sourceTree = "<group>"; };
		D18160D42C1BD0EE004BA146 /* User.swift */ = {isa = PBXFileReference; lastKnownFileType = sourcecode.swift; path = User.swift; sourceTree = "<group>"; };
		D18160D82C1C0034004BA146 /* SearchTableViewCell.swift */ = {isa = PBXFileReference; lastKnownFileType = sourcecode.swift; path = SearchTableViewCell.swift; sourceTree = "<group>"; };
		D18160DA2C1C08C0004BA146 /* SearchTableViewCellDelegate.swift */ = {isa = PBXFileReference; lastKnownFileType = sourcecode.swift; path = SearchTableViewCellDelegate.swift; sourceTree = "<group>"; };
		D18160DC2C1C0DC8004BA146 /* SearchResultViewController.swift */ = {isa = PBXFileReference; lastKnownFileType = sourcecode.swift; path = SearchResultViewController.swift; sourceTree = "<group>"; };
		D18160E02C1C15AD004BA146 /* SearchResult.swift */ = {isa = PBXFileReference; lastKnownFileType = sourcecode.swift; path = SearchResult.swift; sourceTree = "<group>"; };
		D18160E32C1C19BE004BA146 /* Sort.swift */ = {isa = PBXFileReference; lastKnownFileType = sourcecode.swift; path = Sort.swift; sourceTree = "<group>"; };
		D18160E52C1C204B004BA146 /* FilterButton.swift */ = {isa = PBXFileReference; lastKnownFileType = sourcecode.swift; path = FilterButton.swift; sourceTree = "<group>"; };
		D18160E72C1C267F004BA146 /* SearchResultCollectionViewCell.swift */ = {isa = PBXFileReference; lastKnownFileType = sourcecode.swift; path = SearchResultCollectionViewCell.swift; sourceTree = "<group>"; };
		D18160E92C1C3CA0004BA146 /* Extension+String.swift */ = {isa = PBXFileReference; lastKnownFileType = sourcecode.swift; path = "Extension+String.swift"; sourceTree = "<group>"; };
		D18160EB2C1C4C21004BA146 /* SearchResultCollectionViewCellDelegate.swift */ = {isa = PBXFileReference; lastKnownFileType = sourcecode.swift; path = SearchResultCollectionViewCellDelegate.swift; sourceTree = "<group>"; };
		D18160ED2C1C5845004BA146 /* DetailViewController.swift */ = {isa = PBXFileReference; lastKnownFileType = sourcecode.swift; path = DetailViewController.swift; sourceTree = "<group>"; };
		D18160EF2C1C62F0004BA146 /* SettingViewController.swift */ = {isa = PBXFileReference; lastKnownFileType = sourcecode.swift; path = SettingViewController.swift; sourceTree = "<group>"; };
		D18160F12C1C71FC004BA146 /* SettingOptions.swift */ = {isa = PBXFileReference; lastKnownFileType = sourcecode.swift; path = SettingOptions.swift; sourceTree = "<group>"; };
		D18160F32C1C7395004BA146 /* SettingTableViewCell.swift */ = {isa = PBXFileReference; lastKnownFileType = sourcecode.swift; path = SettingTableViewCell.swift; sourceTree = "<group>"; };
		D18160F72C1D41F3004BA146 /* TextFieldState.swift */ = {isa = PBXFileReference; lastKnownFileType = sourcecode.swift; path = TextFieldState.swift; sourceTree = "<group>"; };
/* End PBXFileReference section */

/* Begin PBXFrameworksBuildPhase section */
		D18160722C1AF14F004BA146 /* Frameworks */ = {
			isa = PBXFrameworksBuildPhase;
			buildActionMask = 2147483647;
			files = (
				D181609C2C1AF466004BA146 /* Kingfisher in Frameworks */,
				D181609F2C1AF46F004BA146 /* Alamofire in Frameworks */,
				D18160992C1AF45E004BA146 /* Toast in Frameworks */,
				D18160962C1AF458004BA146 /* IQKeyboardManagerSwift in Frameworks */,
				D18160A22C1AF482004BA146 /* SnapKit in Frameworks */,
			);
			runOnlyForDeploymentPostprocessing = 0;
		};
/* End PBXFrameworksBuildPhase section */

/* Begin PBXGroup section */
		D181606C2C1AF14F004BA146 = {
			isa = PBXGroup;
			children = (
				D181608E2C1AF3C2004BA146 /* .gitignore */,
				D18160772C1AF14F004BA146 /* Shopping */,
				D18160762C1AF14F004BA146 /* Products */,
			);
			sourceTree = "<group>";
		};
		D18160762C1AF14F004BA146 /* Products */ = {
			isa = PBXGroup;
			children = (
				D18160752C1AF14F004BA146 /* Shopping.app */,
			);
			name = Products;
			sourceTree = "<group>";
		};
		D18160772C1AF14F004BA146 /* Shopping */ = {
			isa = PBXGroup;
			children = (
				D18160E22C1C19B0004BA146 /* Enum */,
				D18160D32C1BD0B3004BA146 /* Model */,
				D18160D02C1BCD01004BA146 /* Protocol */,
				D18160CD2C1BCC6A004BA146 /* Cell */,
				D18160B42C1B013E004BA146 /* Manager */,
				D18160AB2C1AF756004BA146 /* Extension */,
				D18160A82C1AF690004BA146 /* Resource */,
				D18160A32C1AF4A8004BA146 /* Custom */,
				D18160932C1AF3F5004BA146 /* ViewController */,
				D18160902C1AF3D5004BA146 /* API */,
				D18160782C1AF14F004BA146 /* AppDelegate.swift */,
				D181607A2C1AF14F004BA146 /* SceneDelegate.swift */,
				D18160812C1AF150004BA146 /* Assets.xcassets */,
				D18160832C1AF150004BA146 /* LaunchScreen.storyboard */,
				D18160862C1AF150004BA146 /* Info.plist */,
			);
			path = Shopping;
			sourceTree = "<group>";
		};
		D18160902C1AF3D5004BA146 /* API */ = {
			isa = PBXGroup;
			children = (
				D18160912C1AF3DD004BA146 /* APIKey.swift */,
			);
			path = API;
			sourceTree = "<group>";
		};
		D18160932C1AF3F5004BA146 /* ViewController */ = {
			isa = PBXGroup;
			children = (
				D181607C2C1AF14F004BA146 /* OnBoardingViewController.swift */,
				D18160BB2C1B0FAA004BA146 /* ProfileViewController.swift */,
				D18160C92C1BC81E004BA146 /* MainViewController.swift */,
				D18160CB2C1BC9A5004BA146 /* ProfileImageViewController.swift */,
				D18160DC2C1C0DC8004BA146 /* SearchResultViewController.swift */,
				D18160ED2C1C5845004BA146 /* DetailViewController.swift */,
				D18160EF2C1C62F0004BA146 /* SettingViewController.swift */,
			);
			path = ViewController;
			sourceTree = "<group>";
		};
		D18160A32C1AF4A8004BA146 /* Custom */ = {
			isa = PBXGroup;
			children = (
				D18160A42C1AF4B8004BA146 /* TabBarController.swift */,
				D18160A62C1AF5AF004BA146 /* BaseViewController.swift */,
				D18160BD2C1B10F0004BA146 /* ProfileImageView.swift */,
				D18160C12C1B1B2F004BA146 /* NicknameTextField.swift */,
				D18160C72C1B27BB004BA146 /* CustomButton.swift */,
				D18160E52C1C204B004BA146 /* FilterButton.swift */,
			);
			path = Custom;
			sourceTree = "<group>";
		};
		D18160A82C1AF690004BA146 /* Resource */ = {
			isa = PBXGroup;
			children = (
				D18160A92C1AF69E004BA146 /* Color.swift */,
				D18160AE2C1AF8BC004BA146 /* Font.swift */,
				D18160B02C1AFA10004BA146 /* Image.swift */,
			);
			path = Resource;
			sourceTree = "<group>";
		};
		D18160AB2C1AF756004BA146 /* Extension */ = {
			isa = PBXGroup;
			children = (
				D18160AC2C1AF764004BA146 /* Extension+UIColor.swift */,
				D18160E92C1C3CA0004BA146 /* Extension+String.swift */,
			);
			path = Extension;
			sourceTree = "<group>";
		};
		D18160B42C1B013E004BA146 /* Manager */ = {
			isa = PBXGroup;
			children = (
				D18160B52C1B0145004BA146 /* SceneManager.swift */,
				D18160B72C1B0161004BA146 /* UserDefaultsManager.swift */,
			);
			path = Manager;
			sourceTree = "<group>";
		};
		D18160CD2C1BCC6A004BA146 /* Cell */ = {
			isa = PBXGroup;
			children = (
				D18160CE2C1BCC93004BA146 /* ProfileImageCell.swift */,
				D18160D82C1C0034004BA146 /* SearchTableViewCell.swift */,
				D18160E72C1C267F004BA146 /* SearchResultCollectionViewCell.swift */,
				D18160F32C1C7395004BA146 /* SettingTableViewCell.swift */,
			);
			path = Cell;
			sourceTree = "<group>";
		};
		D18160D02C1BCD01004BA146 /* Protocol */ = {
			isa = PBXGroup;
			children = (
				D18160D12C1BCD0D004BA146 /* ReuseIdentifier.swift */,
				D18160DA2C1C08C0004BA146 /* SearchTableViewCellDelegate.swift */,
				D18160EB2C1C4C21004BA146 /* SearchResultCollectionViewCellDelegate.swift */,
			);
			path = Protocol;
			sourceTree = "<group>";
		};
		D18160D32C1BD0B3004BA146 /* Model */ = {
			isa = PBXGroup;
			children = (
				D18160D42C1BD0EE004BA146 /* User.swift */,
				D18160E02C1C15AD004BA146 /* SearchResult.swift */,
			);
			path = Model;
			sourceTree = "<group>";
		};
		D18160E22C1C19B0004BA146 /* Enum */ = {
			isa = PBXGroup;
			children = (
				D18160B92C1B09CC004BA146 /* Button.swift */,
				D18160C32C1B22E8004BA146 /* LiteralString.swift */,
				D18160E32C1C19BE004BA146 /* Sort.swift */,
				D18160F12C1C71FC004BA146 /* SettingOptions.swift */,
				D18160F72C1D41F3004BA146 /* TextFieldState.swift */,
			);
			path = Enum;
			sourceTree = "<group>";
		};
/* End PBXGroup section */

/* Begin PBXNativeTarget section */
		D18160742C1AF14F004BA146 /* Shopping */ = {
			isa = PBXNativeTarget;
			buildConfigurationList = D18160892C1AF150004BA146 /* Build configuration list for PBXNativeTarget "Shopping" */;
			buildPhases = (
				D18160712C1AF14F004BA146 /* Sources */,
				D18160722C1AF14F004BA146 /* Frameworks */,
				D18160732C1AF14F004BA146 /* Resources */,
			);
			buildRules = (
			);
			dependencies = (
			);
			name = Shopping;
			packageProductDependencies = (
				D18160952C1AF458004BA146 /* IQKeyboardManagerSwift */,
				D18160982C1AF45E004BA146 /* Toast */,
				D181609B2C1AF466004BA146 /* Kingfisher */,
				D181609E2C1AF46F004BA146 /* Alamofire */,
				D18160A12C1AF482004BA146 /* SnapKit */,
			);
			productName = Shopping;
			productReference = D18160752C1AF14F004BA146 /* Shopping.app */;
			productType = "com.apple.product-type.application";
		};
/* End PBXNativeTarget section */

/* Begin PBXProject section */
		D181606D2C1AF14F004BA146 /* Project object */ = {
			isa = PBXProject;
			attributes = {
				BuildIndependentTargetsInParallel = 1;
				LastSwiftUpdateCheck = 1540;
				LastUpgradeCheck = 1540;
				TargetAttributes = {
					D18160742C1AF14F004BA146 = {
						CreatedOnToolsVersion = 15.4;
					};
				};
			};
			buildConfigurationList = D18160702C1AF14F004BA146 /* Build configuration list for PBXProject "Shopping" */;
			compatibilityVersion = "Xcode 14.0";
			developmentRegion = en;
			hasScannedForEncodings = 0;
			knownRegions = (
				en,
				Base,
			);
			mainGroup = D181606C2C1AF14F004BA146;
			packageReferences = (
				D18160942C1AF458004BA146 /* XCRemoteSwiftPackageReference "IQKeyboardManager" */,
				D18160972C1AF45E004BA146 /* XCRemoteSwiftPackageReference "Toast-Swift" */,
				D181609A2C1AF466004BA146 /* XCRemoteSwiftPackageReference "Kingfisher" */,
				D181609D2C1AF46F004BA146 /* XCRemoteSwiftPackageReference "Alamofire" */,
				D18160A02C1AF482004BA146 /* XCRemoteSwiftPackageReference "SnapKit" */,
			);
			productRefGroup = D18160762C1AF14F004BA146 /* Products */;
			projectDirPath = "";
			projectRoot = "";
			targets = (
				D18160742C1AF14F004BA146 /* Shopping */,
			);
		};
/* End PBXProject section */

/* Begin PBXResourcesBuildPhase section */
		D18160732C1AF14F004BA146 /* Resources */ = {
			isa = PBXResourcesBuildPhase;
			buildActionMask = 2147483647;
			files = (
				D18160822C1AF150004BA146 /* Assets.xcassets in Resources */,
				D181608F2C1AF3C2004BA146 /* .gitignore in Resources */,
				D18160852C1AF150004BA146 /* Base in Resources */,
			);
			runOnlyForDeploymentPostprocessing = 0;
		};
/* End PBXResourcesBuildPhase section */

/* Begin PBXSourcesBuildPhase section */
		D18160712C1AF14F004BA146 /* Sources */ = {
			isa = PBXSourcesBuildPhase;
			buildActionMask = 2147483647;
			files = (
				D18160EE2C1C5845004BA146 /* DetailViewController.swift in Sources */,
				D18160F82C1D41F3004BA146 /* TextFieldState.swift in Sources */,
				D18160E42C1C19BE004BA146 /* Sort.swift in Sources */,
				D181607D2C1AF14F004BA146 /* OnBoardingViewController.swift in Sources */,
				D18160792C1AF14F004BA146 /* AppDelegate.swift in Sources */,
				D18160C82C1B27BB004BA146 /* CustomButton.swift in Sources */,
				D18160F02C1C62F0004BA146 /* SettingViewController.swift in Sources */,
				D18160EA2C1C3CA0004BA146 /* Extension+String.swift in Sources */,
				D18160B82C1B0161004BA146 /* UserDefaultsManager.swift in Sources */,
				D18160AA2C1AF69E004BA146 /* Color.swift in Sources */,
				D18160D22C1BCD0D004BA146 /* ReuseIdentifier.swift in Sources */,
				D18160CA2C1BC81E004BA146 /* MainViewController.swift in Sources */,
				D18160BC2C1B0FAA004BA146 /* ProfileViewController.swift in Sources */,
				D18160C22C1B1B2F004BA146 /* NicknameTextField.swift in Sources */,
				D18160DB2C1C08C0004BA146 /* SearchTableViewCellDelegate.swift in Sources */,
				D18160922C1AF3DD004BA146 /* APIKey.swift in Sources */,
				D18160A52C1AF4B9004BA146 /* TabBarController.swift in Sources */,
				D18160B62C1B0145004BA146 /* SceneManager.swift in Sources */,
				D18160AF2C1AF8BC004BA146 /* Font.swift in Sources */,
				D18160CC2C1BC9A5004BA146 /* ProfileImageViewController.swift in Sources */,
				D181607B2C1AF14F004BA146 /* SceneDelegate.swift in Sources */,
				D18160A72C1AF5AF004BA146 /* BaseViewController.swift in Sources */,
				D18160AD2C1AF764004BA146 /* Extension+UIColor.swift in Sources */,
				D18160E82C1C2680004BA146 /* SearchResultCollectionViewCell.swift in Sources */,
				D18160BE2C1B10F0004BA146 /* ProfileImageView.swift in Sources */,
				D18160BA2C1B09CC004BA146 /* Button.swift in Sources */,
				D18160E62C1C204B004BA146 /* FilterButton.swift in Sources */,
				D18160CF2C1BCC93004BA146 /* ProfileImageCell.swift in Sources */,
				D18160E12C1C15AD004BA146 /* SearchResult.swift in Sources */,
				D18160B12C1AFA10004BA146 /* Image.swift in Sources */,
				D18160D92C1C0034004BA146 /* SearchTableViewCell.swift in Sources */,
				D18160F42C1C7395004BA146 /* SettingTableViewCell.swift in Sources */,
				D18160C42C1B22E8004BA146 /* LiteralString.swift in Sources */,
				D18160DD2C1C0DC8004BA146 /* SearchResultViewController.swift in Sources */,
				D18160EC2C1C4C21004BA146 /* SearchResultCollectionViewCellDelegate.swift in Sources */,
				D18160D52C1BD0EE004BA146 /* User.swift in Sources */,
				D18160F22C1C71FC004BA146 /* SettingOptions.swift in Sources */,
			);
			runOnlyForDeploymentPostprocessing = 0;
		};
/* End PBXSourcesBuildPhase section */

/* Begin PBXVariantGroup section */
		D18160832C1AF150004BA146 /* LaunchScreen.storyboard */ = {
			isa = PBXVariantGroup;
			children = (
				D18160842C1AF150004BA146 /* Base */,
			);
			name = LaunchScreen.storyboard;
			sourceTree = "<group>";
		};
/* End PBXVariantGroup section */

/* Begin XCBuildConfiguration section */
		D18160872C1AF150004BA146 /* Debug */ = {
			isa = XCBuildConfiguration;
			buildSettings = {
				ALWAYS_SEARCH_USER_PATHS = NO;
				ASSETCATALOG_COMPILER_GENERATE_SWIFT_ASSET_SYMBOL_EXTENSIONS = YES;
				CLANG_ANALYZER_NONNULL = YES;
				CLANG_ANALYZER_NUMBER_OBJECT_CONVERSION = YES_AGGRESSIVE;
				CLANG_CXX_LANGUAGE_STANDARD = "gnu++20";
				CLANG_ENABLE_MODULES = YES;
				CLANG_ENABLE_OBJC_ARC = YES;
				CLANG_ENABLE_OBJC_WEAK = YES;
				CLANG_WARN_BLOCK_CAPTURE_AUTORELEASING = YES;
				CLANG_WARN_BOOL_CONVERSION = YES;
				CLANG_WARN_COMMA = YES;
				CLANG_WARN_CONSTANT_CONVERSION = YES;
				CLANG_WARN_DEPRECATED_OBJC_IMPLEMENTATIONS = YES;
				CLANG_WARN_DIRECT_OBJC_ISA_USAGE = YES_ERROR;
				CLANG_WARN_DOCUMENTATION_COMMENTS = YES;
				CLANG_WARN_EMPTY_BODY = YES;
				CLANG_WARN_ENUM_CONVERSION = YES;
				CLANG_WARN_INFINITE_RECURSION = YES;
				CLANG_WARN_INT_CONVERSION = YES;
				CLANG_WARN_NON_LITERAL_NULL_CONVERSION = YES;
				CLANG_WARN_OBJC_IMPLICIT_RETAIN_SELF = YES;
				CLANG_WARN_OBJC_LITERAL_CONVERSION = YES;
				CLANG_WARN_OBJC_ROOT_CLASS = YES_ERROR;
				CLANG_WARN_QUOTED_INCLUDE_IN_FRAMEWORK_HEADER = YES;
				CLANG_WARN_RANGE_LOOP_ANALYSIS = YES;
				CLANG_WARN_STRICT_PROTOTYPES = YES;
				CLANG_WARN_SUSPICIOUS_MOVE = YES;
				CLANG_WARN_UNGUARDED_AVAILABILITY = YES_AGGRESSIVE;
				CLANG_WARN_UNREACHABLE_CODE = YES;
				CLANG_WARN__DUPLICATE_METHOD_MATCH = YES;
				COPY_PHASE_STRIP = NO;
				DEBUG_INFORMATION_FORMAT = dwarf;
				ENABLE_STRICT_OBJC_MSGSEND = YES;
				ENABLE_TESTABILITY = YES;
				ENABLE_USER_SCRIPT_SANDBOXING = YES;
				GCC_C_LANGUAGE_STANDARD = gnu17;
				GCC_DYNAMIC_NO_PIC = NO;
				GCC_NO_COMMON_BLOCKS = YES;
				GCC_OPTIMIZATION_LEVEL = 0;
				GCC_PREPROCESSOR_DEFINITIONS = (
					"DEBUG=1",
					"$(inherited)",
				);
				GCC_WARN_64_TO_32_BIT_CONVERSION = YES;
				GCC_WARN_ABOUT_RETURN_TYPE = YES_ERROR;
				GCC_WARN_UNDECLARED_SELECTOR = YES;
				GCC_WARN_UNINITIALIZED_AUTOS = YES_AGGRESSIVE;
				GCC_WARN_UNUSED_FUNCTION = YES;
				GCC_WARN_UNUSED_VARIABLE = YES;
				IPHONEOS_DEPLOYMENT_TARGET = 17.5;
				LOCALIZATION_PREFERS_STRING_CATALOGS = YES;
				MTL_ENABLE_DEBUG_INFO = INCLUDE_SOURCE;
				MTL_FAST_MATH = YES;
				ONLY_ACTIVE_ARCH = YES;
				SDKROOT = iphoneos;
				SWIFT_ACTIVE_COMPILATION_CONDITIONS = "DEBUG $(inherited)";
				SWIFT_OPTIMIZATION_LEVEL = "-Onone";
			};
			name = Debug;
		};
		D18160882C1AF150004BA146 /* Release */ = {
			isa = XCBuildConfiguration;
			buildSettings = {
				ALWAYS_SEARCH_USER_PATHS = NO;
				ASSETCATALOG_COMPILER_GENERATE_SWIFT_ASSET_SYMBOL_EXTENSIONS = YES;
				CLANG_ANALYZER_NONNULL = YES;
				CLANG_ANALYZER_NUMBER_OBJECT_CONVERSION = YES_AGGRESSIVE;
				CLANG_CXX_LANGUAGE_STANDARD = "gnu++20";
				CLANG_ENABLE_MODULES = YES;
				CLANG_ENABLE_OBJC_ARC = YES;
				CLANG_ENABLE_OBJC_WEAK = YES;
				CLANG_WARN_BLOCK_CAPTURE_AUTORELEASING = YES;
				CLANG_WARN_BOOL_CONVERSION = YES;
				CLANG_WARN_COMMA = YES;
				CLANG_WARN_CONSTANT_CONVERSION = YES;
				CLANG_WARN_DEPRECATED_OBJC_IMPLEMENTATIONS = YES;
				CLANG_WARN_DIRECT_OBJC_ISA_USAGE = YES_ERROR;
				CLANG_WARN_DOCUMENTATION_COMMENTS = YES;
				CLANG_WARN_EMPTY_BODY = YES;
				CLANG_WARN_ENUM_CONVERSION = YES;
				CLANG_WARN_INFINITE_RECURSION = YES;
				CLANG_WARN_INT_CONVERSION = YES;
				CLANG_WARN_NON_LITERAL_NULL_CONVERSION = YES;
				CLANG_WARN_OBJC_IMPLICIT_RETAIN_SELF = YES;
				CLANG_WARN_OBJC_LITERAL_CONVERSION = YES;
				CLANG_WARN_OBJC_ROOT_CLASS = YES_ERROR;
				CLANG_WARN_QUOTED_INCLUDE_IN_FRAMEWORK_HEADER = YES;
				CLANG_WARN_RANGE_LOOP_ANALYSIS = YES;
				CLANG_WARN_STRICT_PROTOTYPES = YES;
				CLANG_WARN_SUSPICIOUS_MOVE = YES;
				CLANG_WARN_UNGUARDED_AVAILABILITY = YES_AGGRESSIVE;
				CLANG_WARN_UNREACHABLE_CODE = YES;
				CLANG_WARN__DUPLICATE_METHOD_MATCH = YES;
				COPY_PHASE_STRIP = NO;
				DEBUG_INFORMATION_FORMAT = "dwarf-with-dsym";
				ENABLE_NS_ASSERTIONS = NO;
				ENABLE_STRICT_OBJC_MSGSEND = YES;
				ENABLE_USER_SCRIPT_SANDBOXING = YES;
				GCC_C_LANGUAGE_STANDARD = gnu17;
				GCC_NO_COMMON_BLOCKS = YES;
				GCC_WARN_64_TO_32_BIT_CONVERSION = YES;
				GCC_WARN_ABOUT_RETURN_TYPE = YES_ERROR;
				GCC_WARN_UNDECLARED_SELECTOR = YES;
				GCC_WARN_UNINITIALIZED_AUTOS = YES_AGGRESSIVE;
				GCC_WARN_UNUSED_FUNCTION = YES;
				GCC_WARN_UNUSED_VARIABLE = YES;
				IPHONEOS_DEPLOYMENT_TARGET = 17.5;
				LOCALIZATION_PREFERS_STRING_CATALOGS = YES;
				MTL_ENABLE_DEBUG_INFO = NO;
				MTL_FAST_MATH = YES;
				SDKROOT = iphoneos;
				SWIFT_COMPILATION_MODE = wholemodule;
				VALIDATE_PRODUCT = YES;
			};
			name = Release;
		};
		D181608A2C1AF150004BA146 /* Debug */ = {
			isa = XCBuildConfiguration;
			buildSettings = {
				ASSETCATALOG_COMPILER_APPICON_NAME = AppIcon;
				ASSETCATALOG_COMPILER_GLOBAL_ACCENT_COLOR_NAME = AccentColor;
				CODE_SIGN_STYLE = Automatic;
				CURRENT_PROJECT_VERSION = 1;
				GENERATE_INFOPLIST_FILE = YES;
				INFOPLIST_FILE = Shopping/Info.plist;
				INFOPLIST_KEY_CFBundleDisplayName = MeaningOut;
				INFOPLIST_KEY_UIApplicationSupportsIndirectInputEvents = YES;
				INFOPLIST_KEY_UILaunchStoryboardName = LaunchScreen;
				INFOPLIST_KEY_UISupportedInterfaceOrientations = UIInterfaceOrientationPortrait;
				INFOPLIST_KEY_UISupportedInterfaceOrientations_iPad = UIInterfaceOrientationPortrait;
				IPHONEOS_DEPLOYMENT_TARGET = 15.0;
				LD_RUNPATH_SEARCH_PATHS = (
					"$(inherited)",
					"@executable_path/Frameworks",
				);
				MARKETING_VERSION = 1.0;
				PRODUCT_BUNDLE_IDENTIFIER = Jo.Shopping;
				PRODUCT_NAME = "$(TARGET_NAME)";
				SUPPORTED_PLATFORMS = "iphoneos iphonesimulator";
				SUPPORTS_MACCATALYST = NO;
				SUPPORTS_MAC_DESIGNED_FOR_IPHONE_IPAD = NO;
				SUPPORTS_XR_DESIGNED_FOR_IPHONE_IPAD = NO;
				SWIFT_EMIT_LOC_STRINGS = YES;
				SWIFT_VERSION = 5.0;
				TARGETED_DEVICE_FAMILY = 1;
			};
			name = Debug;
		};
		D181608B2C1AF150004BA146 /* Release */ = {
			isa = XCBuildConfiguration;
			buildSettings = {
				ASSETCATALOG_COMPILER_APPICON_NAME = AppIcon;
				ASSETCATALOG_COMPILER_GLOBAL_ACCENT_COLOR_NAME = AccentColor;
				CODE_SIGN_STYLE = Automatic;
				CURRENT_PROJECT_VERSION = 1;
				GENERATE_INFOPLIST_FILE = YES;
				INFOPLIST_FILE = Shopping/Info.plist;
				INFOPLIST_KEY_CFBundleDisplayName = MeaningOut;
				INFOPLIST_KEY_UIApplicationSupportsIndirectInputEvents = YES;
				INFOPLIST_KEY_UILaunchStoryboardName = LaunchScreen;
				INFOPLIST_KEY_UISupportedInterfaceOrientations = UIInterfaceOrientationPortrait;
				INFOPLIST_KEY_UISupportedInterfaceOrientations_iPad = UIInterfaceOrientationPortrait;
				IPHONEOS_DEPLOYMENT_TARGET = 15.0;
				LD_RUNPATH_SEARCH_PATHS = (
					"$(inherited)",
					"@executable_path/Frameworks",
				);
				MARKETING_VERSION = 1.0;
				PRODUCT_BUNDLE_IDENTIFIER = Jo.Shopping;
				PRODUCT_NAME = "$(TARGET_NAME)";
				SUPPORTED_PLATFORMS = "iphoneos iphonesimulator";
				SUPPORTS_MACCATALYST = NO;
				SUPPORTS_MAC_DESIGNED_FOR_IPHONE_IPAD = NO;
				SUPPORTS_XR_DESIGNED_FOR_IPHONE_IPAD = NO;
				SWIFT_EMIT_LOC_STRINGS = YES;
				SWIFT_VERSION = 5.0;
				TARGETED_DEVICE_FAMILY = 1;
			};
			name = Release;
		};
/* End XCBuildConfiguration section */

/* Begin XCConfigurationList section */
		D18160702C1AF14F004BA146 /* Build configuration list for PBXProject "Shopping" */ = {
			isa = XCConfigurationList;
			buildConfigurations = (
				D18160872C1AF150004BA146 /* Debug */,
				D18160882C1AF150004BA146 /* Release */,
			);
			defaultConfigurationIsVisible = 0;
			defaultConfigurationName = Release;
		};
		D18160892C1AF150004BA146 /* Build configuration list for PBXNativeTarget "Shopping" */ = {
			isa = XCConfigurationList;
			buildConfigurations = (
				D181608A2C1AF150004BA146 /* Debug */,
				D181608B2C1AF150004BA146 /* Release */,
			);
			defaultConfigurationIsVisible = 0;
			defaultConfigurationName = Release;
		};
/* End XCConfigurationList section */

/* Begin XCRemoteSwiftPackageReference section */
		D18160942C1AF458004BA146 /* XCRemoteSwiftPackageReference "IQKeyboardManager" */ = {
			isa = XCRemoteSwiftPackageReference;
			repositoryURL = "https://github.com/hackiftekhar/IQKeyboardManager.git";
			requirement = {
				kind = upToNextMajorVersion;
				minimumVersion = 7.0.3;
			};
		};
		D18160972C1AF45E004BA146 /* XCRemoteSwiftPackageReference "Toast-Swift" */ = {
			isa = XCRemoteSwiftPackageReference;
			repositoryURL = "https://github.com/scalessec/Toast-Swift.git";
			requirement = {
				kind = upToNextMajorVersion;
				minimumVersion = 5.1.1;
			};
		};
		D181609A2C1AF466004BA146 /* XCRemoteSwiftPackageReference "Kingfisher" */ = {
			isa = XCRemoteSwiftPackageReference;
			repositoryURL = "https://github.com/onevcat/Kingfisher.git";
			requirement = {
				kind = upToNextMajorVersion;
				minimumVersion = 7.12.0;
			};
		};
		D181609D2C1AF46F004BA146 /* XCRemoteSwiftPackageReference "Alamofire" */ = {
			isa = XCRemoteSwiftPackageReference;
			repositoryURL = "https://github.com/Alamofire/Alamofire.git";
			requirement = {
				kind = upToNextMajorVersion;
				minimumVersion = 5.9.1;
			};
		};
		D18160A02C1AF482004BA146 /* XCRemoteSwiftPackageReference "SnapKit" */ = {
			isa = XCRemoteSwiftPackageReference;
			repositoryURL = "https://github.com/SnapKit/SnapKit.git";
			requirement = {
				kind = upToNextMajorVersion;
				minimumVersion = 5.7.1;
			};
		};
/* End XCRemoteSwiftPackageReference section */

/* Begin XCSwiftPackageProductDependency section */
		D18160952C1AF458004BA146 /* IQKeyboardManagerSwift */ = {
			isa = XCSwiftPackageProductDependency;
			package = D18160942C1AF458004BA146 /* XCRemoteSwiftPackageReference "IQKeyboardManager" */;
			productName = IQKeyboardManagerSwift;
		};
		D18160982C1AF45E004BA146 /* Toast */ = {
			isa = XCSwiftPackageProductDependency;
			package = D18160972C1AF45E004BA146 /* XCRemoteSwiftPackageReference "Toast-Swift" */;
			productName = Toast;
		};
		D181609B2C1AF466004BA146 /* Kingfisher */ = {
			isa = XCSwiftPackageProductDependency;
			package = D181609A2C1AF466004BA146 /* XCRemoteSwiftPackageReference "Kingfisher" */;
			productName = Kingfisher;
		};
		D181609E2C1AF46F004BA146 /* Alamofire */ = {
			isa = XCSwiftPackageProductDependency;
			package = D181609D2C1AF46F004BA146 /* XCRemoteSwiftPackageReference "Alamofire" */;
			productName = Alamofire;
		};
		D18160A12C1AF482004BA146 /* SnapKit */ = {
			isa = XCSwiftPackageProductDependency;
			package = D18160A02C1AF482004BA146 /* XCRemoteSwiftPackageReference "SnapKit" */;
			productName = SnapKit;
		};
/* End XCSwiftPackageProductDependency section */
	};
	rootObject = D181606D2C1AF14F004BA146 /* Project object */;
}
